
Microsoft Visual Studio Solution File, Format Version 12.00
# Visual Studio Version 16
VisualStudioVersion = 16.0.29806.167
MinimumVisualStudioVersion = 10.0.40219.1
Project("{9A19103F-16F7-4668-BE54-9A1E7A4F7556}") = "OnSale.Common", "OnSale.Common\OnSale.Common.csproj", "{416FA425-65E8-4B73-82C5-AA6D78FD32AA}"
EndProject
Project("{9A19103F-16F7-4668-BE54-9A1E7A4F7556}") = "OnSale.Web", "OnSale.Web\OnSale.Web.csproj", "{073061DC-5C58-4E76-8881-B7E439A5127B}"
EndProject
Project("{FAE04EC0-301F-11D3-BF4B-00C04F79EFBC}") = "OnSale.Prism", "OnSale.Prism\OnSale.Prism\OnSale.Prism.csproj", "{7A48DA6D-0951-458B-AAB9-55F47519FD00}"
EndProject
Project("{FAE04EC0-301F-11D3-BF4B-00C04F79EFBC}") = "OnSale.Prism.Android", "OnSale.Prism\OnSale.Prism.Android\OnSale.Prism.Android.csproj", "{0E152353-6AB7-4493-A519-C9F4A029B04E}"
EndProject
Project("{FAE04EC0-301F-11D3-BF4B-00C04F79EFBC}") = "OnSale.Prism.iOS", "OnSale.Prism\OnSale.Prism.iOS\OnSale.Prism.iOS.csproj", "{A5F0DDA2-FECB-4D21-941A-4F246AA7AFBA}"
EndProject
Global
	GlobalSection(SolutionConfigurationPlatforms) = preSolution
		Ad-Hoc|Any CPU = Ad-Hoc|Any CPU
		Ad-Hoc|iPhone = Ad-Hoc|iPhone
		Ad-Hoc|iPhoneSimulator = Ad-Hoc|iPhoneSimulator
		AppStore|Any CPU = AppStore|Any CPU
		AppStore|iPhone = AppStore|iPhone
		AppStore|iPhoneSimulator = AppStore|iPhoneSimulator
		Debug|Any CPU = Debug|Any CPU
		Debug|iPhone = Debug|iPhone
		Debug|iPhoneSimulator = Debug|iPhoneSimulator
		Release|Any CPU = Release|Any CPU
		Release|iPhone = Release|iPhone
		Release|iPhoneSimulator = Release|iPhoneSimulator
	EndGlobalSection
	GlobalSection(ProjectConfigurationPlatforms) = postSolution
		{416FA425-65E8-4B73-82C5-AA6D78FD32AA}.Ad-Hoc|Any CPU.ActiveCfg = Release|Any CPU
		{416FA425-65E8-4B73-82C5-AA6D78FD32AA}.Ad-Hoc|Any CPU.Build.0 = Release|Any CPU
		{416FA425-65E8-4B73-82C5-AA6D78FD32AA}.Ad-Hoc|iPhone.ActiveCfg = Release|Any CPU
		{416FA425-65E8-4B73-82C5-AA6D78FD32AA}.Ad-Hoc|iPhone.Build.0 = Release|Any CPU
		{416FA425-65E8-4B73-82C5-AA6D78FD32AA}.Ad-Hoc|iPhoneSimulator.ActiveCfg = Release|Any CPU
		{416FA425-65E8-4B73-82C5-AA6D78FD32AA}.Ad-Hoc|iPhoneSimulator.Build.0 = Release|Any CPU
		{416FA425-65E8-4B73-82C5-AA6D78FD32AA}.AppStore|Any CPU.ActiveCfg = Release|Any CPU
		{416FA425-65E8-4B73-82C5-AA6D78FD32AA}.AppStore|Any CPU.Build.0 = Release|Any CPU
		{416FA425-65E8-4B73-82C5-AA6D78FD32AA}.AppStore|iPhone.ActiveCfg = Release|Any CPU
		{416FA425-65E8-4B73-82C5-AA6D78FD32AA}.AppStore|iPhone.Build.0 = Release|Any CPU
		{416FA425-65E8-4B73-82C5-AA6D78FD32AA}.AppStore|iPhoneSimulator.ActiveCfg = Release|Any CPU
		{416FA425-65E8-4B73-82C5-AA6D78FD32AA}.AppStore|iPhoneSimulator.Build.0 = Release|Any CPU
		{416FA425-65E8-4B73-82C5-AA6D78FD32AA}.Debug|Any CPU.ActiveCfg = Debug|Any CPU
		{416FA425-65E8-4B73-82C5-AA6D78FD32AA}.Debug|Any CPU.Build.0 = Debug|Any CPU
		{416FA425-65E8-4B73-82C5-AA6D78FD32AA}.Debug|iPhone.ActiveCfg = Debug|Any CPU
		{416FA425-65E8-4B73-82C5-AA6D78FD32AA}.Debug|iPhone.Build.0 = Debug|Any CPU
		{416FA425-65E8-4B73-82C5-AA6D78FD32AA}.Debug|iPhoneSimulator.ActiveCfg = Debug|Any CPU
		{416FA425-65E8-4B73-82C5-AA6D78FD32AA}.Debug|iPhoneSimulator.Build.0 = Debug|Any CPU
		{416FA425-65E8-4B73-82C5-AA6D78FD32AA}.Release|Any CPU.ActiveCfg = Release|Any CPU
		{416FA425-65E8-4B73-82C5-AA6D78FD32AA}.Release|Any CPU.Build.0 = Release|Any CPU
		{416FA425-65E8-4B73-82C5-AA6D78FD32AA}.Release|iPhone.ActiveCfg = Release|Any CPU
		{416FA425-65E8-4B73-82C5-AA6D78FD32AA}.Release|iPhone.Build.0 = Release|Any CPU
		{416FA425-65E8-4B73-82C5-AA6D78FD32AA}.Release|iPhoneSimulator.ActiveCfg = Release|Any CPU
		{416FA425-65E8-4B73-82C5-AA6D78FD32AA}.Release|iPhoneSimulator.Build.0 = Release|Any CPU
		{073061DC-5C58-4E76-8881-B7E439A5127B}.Ad-Hoc|Any CPU.ActiveCfg = Release|Any CPU
		{073061DC-5C58-4E76-8881-B7E439A5127B}.Ad-Hoc|Any CPU.Build.0 = Release|Any CPU
		{073061DC-5C58-4E76-8881-B7E439A5127B}.Ad-Hoc|iPhone.ActiveCfg = Release|Any CPU
		{073061DC-5C58-4E76-8881-B7E439A5127B}.Ad-Hoc|iPhone.Build.0 = Release|Any CPU
		{073061DC-5C58-4E76-8881-B7E439A5127B}.Ad-Hoc|iPhoneSimulator.ActiveCfg = Release|Any CPU
		{073061DC-5C58-4E76-8881-B7E439A5127B}.Ad-Hoc|iPhoneSimulator.Build.0 = Release|Any CPU
		{073061DC-5C58-4E76-8881-B7E439A5127B}.AppStore|Any CPU.ActiveCfg = Release|Any CPU
		{073061DC-5C58-4E76-8881-B7E439A5127B}.AppStore|Any CPU.Build.0 = Release|Any CPU
		{073061DC-5C58-4E76-8881-B7E439A5127B}.AppStore|iPhone.ActiveCfg = Release|Any CPU
		{073061DC-5C58-4E76-8881-B7E439A5127B}.AppStore|iPhone.Build.0 = Release|Any CPU
		{073061DC-5C58-4E76-8881-B7E439A5127B}.AppStore|iPhoneSimulator.ActiveCfg = Release|Any CPU
		{073061DC-5C58-4E76-8881-B7E439A5127B}.AppStore|iPhoneSimulator.Build.0 = Release|Any CPU
		{073061DC-5C58-4E76-8881-B7E439A5127B}.Debug|Any CPU.ActiveCfg = Debug|Any CPU
		{073061DC-5C58-4E76-8881-B7E439A5127B}.Debug|Any CPU.Build.0 = Debug|Any CPU
		{073061DC-5C58-4E76-8881-B7E439A5127B}.Debug|iPhone.ActiveCfg = Debug|Any CPU
		{073061DC-5C58-4E76-8881-B7E439A5127B}.Debug|iPhone.Build.0 = Debug|Any CPU
		{073061DC-5C58-4E76-8881-B7E439A5127B}.Debug|iPhoneSimulator.ActiveCfg = Debug|Any CPU
		{073061DC-5C58-4E76-8881-B7E439A5127B}.Debug|iPhoneSimulator.Build.0 = Debug|Any CPU
		{073061DC-5C58-4E76-8881-B7E439A5127B}.Release|Any CPU.ActiveCfg = Release|Any CPU
		{073061DC-5C58-4E76-8881-B7E439A5127B}.Release|Any CPU.Build.0 = Release|Any CPU
		{073061DC-5C58-4E76-8881-B7E439A5127B}.Release|iPhone.ActiveCfg = Release|Any CPU
		{073061DC-5C58-4E76-8881-B7E439A5127B}.Release|iPhone.Build.0 = Release|Any CPU
		{073061DC-5C58-4E76-8881-B7E439A5127B}.Release|iPhoneSimulator.ActiveCfg = Release|Any CPU
		{073061DC-5C58-4E76-8881-B7E439A5127B}.Release|iPhoneSimulator.Build.0 = Release|Any CPU
		{7A48DA6D-0951-458B-AAB9-55F47519FD00}.Ad-Hoc|Any CPU.ActiveCfg = Debug|Any CPU
		{7A48DA6D-0951-458B-AAB9-55F47519FD00}.Ad-Hoc|Any CPU.Build.0 = Debug|Any CPU
		{7A48DA6D-0951-458B-AAB9-55F47519FD00}.Ad-Hoc|iPhone.ActiveCfg = Debug|Any CPU
		{7A48DA6D-0951-458B-AAB9-55F47519FD00}.Ad-Hoc|iPhone.Build.0 = Debug|Any CPU
		{7A48DA6D-0951-458B-AAB9-55F47519FD00}.Ad-Hoc|iPhoneSimulator.ActiveCfg = Debug|Any CPU
		{7A48DA6D-0951-458B-AAB9-55F47519FD00}.Ad-Hoc|iPhoneSimulator.Build.0 = Debug|Any CPU
		{7A48DA6D-0951-458B-AAB9-55F47519FD00}.AppStore|Any CPU.ActiveCfg = Debug|Any CPU
		{7A48DA6D-0951-458B-AAB9-55F47519FD00}.AppStore|Any CPU.Build.0 = Debug|Any CPU
		{7A48DA6D-0951-458B-AAB9-55F47519FD00}.AppStore|iPhone.ActiveCfg = Debug|Any CPU
		{7A48DA6D-0951-458B-AAB9-55F47519FD00}.AppStore|iPhone.Build.0 = Debug|Any CPU
		{7A48DA6D-0951-458B-AAB9-55F47519FD00}.AppStore|iPhoneSimulator.ActiveCfg = Debug|Any CPU
		{7A48DA6D-0951-458B-AAB9-55F47519FD00}.AppStore|iPhoneSimulator.Build.0 = Debug|Any CPU
		{7A48DA6D-0951-458B-AAB9-55F47519FD00}.Debug|Any CPU.ActiveCfg = Debug|Any CPU
		{7A48DA6D-0951-458B-AAB9-55F47519FD00}.Debug|Any CPU.Build.0 = Debug|Any CPU
		{7A48DA6D-0951-458B-AAB9-55F47519FD00}.Debug|iPhone.ActiveCfg = Debug|Any CPU
		{7A48DA6D-0951-458B-AAB9-55F47519FD00}.Debug|iPhone.Build.0 = Debug|Any CPU
		{7A48DA6D-0951-458B-AAB9-55F47519FD00}.Debug|iPhoneSimulator.ActiveCfg = Debug|Any CPU
		{7A48DA6D-0951-458B-AAB9-55F47519FD00}.Debug|iPhoneSimulator.Build.0 = Debug|Any CPU
		{7A48DA6D-0951-458B-AAB9-55F47519FD00}.Release|Any CPU.ActiveCfg = Release|Any CPU
		{7A48DA6D-0951-458B-AAB9-55F47519FD00}.Release|Any CPU.Build.0 = Release|Any CPU
		{7A48DA6D-0951-458B-AAB9-55F47519FD00}.Release|iPhone.ActiveCfg = Release|Any CPU
		{7A48DA6D-0951-458B-AAB9-55F47519FD00}.Release|iPhone.Build.0 = Release|Any CPU
		{7A48DA6D-0951-458B-AAB9-55F47519FD00}.Release|iPhoneSimulator.ActiveCfg = Release|Any CPU
		{7A48DA6D-0951-458B-AAB9-55F47519FD00}.Release|iPhoneSimulator.Build.0 = Release|Any CPU
		{0E152353-6AB7-4493-A519-C9F4A029B04E}.Ad-Hoc|Any CPU.ActiveCfg = Release|Any CPU
		{0E152353-6AB7-4493-A519-C9F4A029B04E}.Ad-Hoc|Any CPU.Build.0 = Release|Any CPU
		{0E152353-6AB7-4493-A519-C9F4A029B04E}.Ad-Hoc|Any CPU.Deploy.0 = Release|Any CPU
		{0E152353-6AB7-4493-A519-C9F4A029B04E}.Ad-Hoc|iPhone.ActiveCfg = Release|Any CPU
		{0E152353-6AB7-4493-A519-C9F4A029B04E}.Ad-Hoc|iPhone.Build.0 = Release|Any CPU
		{0E152353-6AB7-4493-A519-C9F4A029B04E}.Ad-Hoc|iPhone.Deploy.0 = Release|Any CPU
		{0E152353-6AB7-4493-A519-C9F4A029B04E}.Ad-Hoc|iPhoneSimulator.ActiveCfg = Release|Any CPU
		{0E152353-6AB7-4493-A519-C9F4A029B04E}.Ad-Hoc|iPhoneSimulator.Build.0 = Release|Any CPU
		{0E152353-6AB7-4493-A519-C9F4A029B04E}.Ad-Hoc|iPhoneSimulator.Deploy.0 = Release|Any CPU
		{0E152353-6AB7-4493-A519-C9F4A029B04E}.AppStore|Any CPU.ActiveCfg = Release|Any CPU
		{0E152353-6AB7-4493-A519-C9F4A029B04E}.AppStore|Any CPU.Build.0 = Release|Any CPU
		{0E152353-6AB7-4493-A519-C9F4A029B04E}.AppStore|Any CPU.Deploy.0 = Release|Any CPU
		{0E152353-6AB7-4493-A519-C9F4A029B04E}.AppStore|iPhone.ActiveCfg = Release|Any CPU
		{0E152353-6AB7-4493-A519-C9F4A029B04E}.AppStore|iPhone.Build.0 = Release|Any CPU
		{0E152353-6AB7-4493-A519-C9F4A029B04E}.AppStore|iPhone.Deploy.0 = Release|Any CPU
		{0E152353-6AB7-4493-A519-C9F4A029B04E}.AppStore|iPhoneSimulator.ActiveCfg = Release|Any CPU
		{0E152353-6AB7-4493-A519-C9F4A029B04E}.AppStore|iPhoneSimulator.Build.0 = Release|Any CPU
		{0E152353-6AB7-4493-A519-C9F4A029B04E}.AppStore|iPhoneSimulator.Deploy.0 = Release|Any CPU
		{0E152353-6AB7-4493-A519-C9F4A029B04E}.Debug|Any CPU.ActiveCfg = Debug|Any CPU
		{0E152353-6AB7-4493-A519-C9F4A029B04E}.Debug|Any CPU.Build.0 = Debug|Any CPU
		{0E152353-6AB7-4493-A519-C9F4A029B04E}.Debug|Any CPU.Deploy.0 = Debug|Any CPU
		{0E152353-6AB7-4493-A519-C9F4A029B04E}.Debug|iPhone.ActiveCfg = Debug|Any CPU
		{0E152353-6AB7-4493-A519-C9F4A029B04E}.Debug|iPhone.Build.0 = Debug|Any CPU
		{0E152353-6AB7-4493-A519-C9F4A029B04E}.Debug|iPhone.Deploy.0 = Debug|Any CPU
		{0E152353-6AB7-4493-A519-C9F4A029B04E}.Debug|iPhoneSimulator.ActiveCfg = Debug|Any CPU
		{0E152353-6AB7-4493-A519-C9F4A029B04E}.Debug|iPhoneSimulator.Build.0 = Debug|Any CPU
		{0E152353-6AB7-4493-A519-C9F4A029B04E}.Debug|iPhoneSimulator.Deploy.0 = Debug|Any CPU
		{0E152353-6AB7-4493-A519-C9F4A029B04E}.Release|Any CPU.ActiveCfg = Release|Any CPU
		{0E152353-6AB7-4493-A519-C9F4A029B04E}.Release|Any CPU.Build.0 = Release|Any CPU
		{0E152353-6AB7-4493-A519-C9F4A029B04E}.Release|Any CPU.Deploy.0 = Release|Any CPU
		{0E152353-6AB7-4493-A519-C9F4A029B04E}.Release|iPhone.ActiveCfg = Release|Any CPU
		{0E152353-6AB7-4493-A519-C9F4A029B04E}.Release|iPhone.Build.0 = Release|Any CPU
		{0E152353-6AB7-4493-A519-C9F4A029B04E}.Release|iPhone.Deploy.0 = Release|Any CPU
		{0E152353-6AB7-4493-A519-C9F4A029B04E}.Release|iPhoneSimulator.ActiveCfg = Release|Any CPU
		{0E152353-6AB7-4493-A519-C9F4A029B04E}.Release|iPhoneSimulator.Build.0 = Release|Any CPU
		{0E152353-6AB7-4493-A519-C9F4A029B04E}.Release|iPhoneSimulator.Deploy.0 = Release|Any CPU
		{A5F0DDA2-FECB-4D21-941A-4F246AA7AFBA}.Ad-Hoc|Any CPU.ActiveCfg = Ad-Hoc|iPhone
		{A5F0DDA2-FECB-4D21-941A-4F246AA7AFBA}.Ad-Hoc|iPhone.ActiveCfg = Ad-Hoc|iPhone
		{A5F0DDA2-FECB-4D21-941A-4F246AA7AFBA}.Ad-Hoc|iPhone.Build.0 = Ad-Hoc|iPhone
		{A5F0DDA2-FECB-4D21-941A-4F246AA7AFBA}.Ad-Hoc|iPhoneSimulator.ActiveCfg = Ad-Hoc|iPhoneSimulator
		{A5F0DDA2-FECB-4D21-941A-4F246AA7AFBA}.Ad-Hoc|iPhoneSimulator.Build.0 = Ad-Hoc|iPhoneSimulator
		{A5F0DDA2-FECB-4D21-941A-4F246AA7AFBA}.AppStore|Any CPU.ActiveCfg = AppStore|iPhone
		{A5F0DDA2-FECB-4D21-941A-4F246AA7AFBA}.AppStore|iPhone.ActiveCfg = AppStore|iPhone
		{A5F0DDA2-FECB-4D21-941A-4F246AA7AFBA}.AppStore|iPhone.Build.0 = AppStore|iPhone
		{A5F0DDA2-FECB-4D21-941A-4F246AA7AFBA}.AppStore|iPhoneSimulator.ActiveCfg = AppStore|iPhoneSimulator
		{A5F0DDA2-FECB-4D21-941A-4F246AA7AFBA}.AppStore|iPhoneSimulator.Build.0 = AppStore|iPhoneSimulator
		{A5F0DDA2-FECB-4D21-941A-4F246AA7AFBA}.Debug|Any CPU.ActiveCfg = Debug|iPhone
		{A5F0DDA2-FECB-4D21-941A-4F246AA7AFBA}.Debug|iPhone.ActiveCfg = Debug|iPhone
		{A5F0DDA2-FECB-4D21-941A-4F246AA7AFBA}.Debug|iPhone.Build.0 = Debug|iPhone
		{A5F0DDA2-FECB-4D21-941A-4F246AA7AFBA}.Debug|iPhoneSimulator.ActiveCfg = Debug|iPhoneSimulator
		{A5F0DDA2-FECB-4D21-941A-4F246AA7AFBA}.Debug|iPhoneSimulator.Build.0 = Debug|iPhoneSimulator
		{A5F0DDA2-FECB-4D21-941A-4F246AA7AFBA}.Release|Any CPU.ActiveCfg = Release|iPhone
		{A5F0DDA2-FECB-4D21-941A-4F246AA7AFBA}.Release|iPhone.ActiveCfg = Release|iPhone
		{A5F0DDA2-FECB-4D21-941A-4F246AA7AFBA}.Release|iPhone.Build.0 = Release|iPhone
		{A5F0DDA2-FECB-4D21-941A-4F246AA7AFBA}.Release|iPhoneSimulator.ActiveCfg = Release|iPhoneSimulator
		{A5F0DDA2-FECB-4D21-941A-4F246AA7AFBA}.Release|iPhoneSimulator.Build.0 = Release|iPhoneSimulator
	EndGlobalSection
	GlobalSection(SolutionProperties) = preSolution
		HideSolutionNode = FALSE
	EndGlobalSection
	GlobalSection(ExtensibilityGlobals) = postSolution
		SolutionGuid = {D727A74E-6950-4EDC-86E2-DE30E31926D5}
	EndGlobalSection
EndGlobal
